
Microsoft Visual Studio Solution File, Format Version 12.00
# Visual Studio Version 17
VisualStudioVersion = 17.4.33213.308
MinimumVisualStudioVersion = 10.0.40219.1
Project("{FAE04EC0-301F-11D3-BF4B-00C04F79EFBC}") = "Evidence_pojistenych", "Evidence_pojistenych.csproj", "{03DAE05D-00D0-4D94-B7FD-C7E37AABE2C6}"
EndProject
Global
	GlobalSection(SolutionConfigurationPlatforms) = preSolution
		Debug|Any CPU = Debug|Any CPU
		Release|Any CPU = Release|Any CPU
	EndGlobalSection
	GlobalSection(ProjectConfigurationPlatforms) = postSolution
		{03DAE05D-00D0-4D94-B7FD-C7E37AABE2C6}.Debug|Any CPU.ActiveCfg = Debug|Any CPU
		{03DAE05D-00D0-4D94-B7FD-C7E37AABE2C6}.Debug|Any CPU.Build.0 = Debug|Any CPU
		{03DAE05D-00D0-4D94-B7FD-C7E37AABE2C6}.Release|Any CPU.ActiveCfg = Release|Any CPU
		{03DAE05D-00D0-4D94-B7FD-C7E37AABE2C6}.Release|Any CPU.Build.0 = Release|Any CPU
	EndGlobalSection
	GlobalSection(SolutionProperties) = preSolution
		HideSolutionNode = FALSE
	EndGlobalSection
	GlobalSection(ExtensibilityGlobals) = postSolution
		SolutionGuid = {1720473F-1BC3-4BD0-84C0-EE9860EAA81A}
	EndGlobalSection
EndGlobal
